
Microsoft Visual Studio Solution File, Format Version 12.00
# Visual Studio Version 16
VisualStudioVersion = 16.0.30204.135
MinimumVisualStudioVersion = 10.0.40219.1
Project("{8BC9CEB8-8B4A-11D0-8D11-00A0C91BC942}") = "Exam", "Exam\Exam.vcxproj", "{6A7F01DF-20BD-40B5-918D-BF9A0BF9BEC9}"
EndProject
Global
	GlobalSection(SolutionConfigurationPlatforms) = preSolution
		Debug|x64 = Debug|x64
		Release|x64 = Release|x64
	EndGlobalSection
	GlobalSection(ProjectConfigurationPlatforms) = postSolution
		{6A7F01DF-20BD-40B5-918D-BF9A0BF9BEC9}.Debug|x64.ActiveCfg = Debug|x64
		{6A7F01DF-20BD-40B5-918D-BF9A0BF9BEC9}.Debug|x64.Build.0 = Debug|x64
		{6A7F01DF-20BD-40B5-918D-BF9A0BF9BEC9}.Release|x64.ActiveCfg = Release|x64
		{6A7F01DF-20BD-40B5-918D-BF9A0BF9BEC9}.Release|x64.Build.0 = Release|x64
	EndGlobalSection
	GlobalSection(SolutionProperties) = preSolution
		HideSolutionNode = FALSE
	EndGlobalSection
	GlobalSection(ExtensibilityGlobals) = postSolution
		SolutionGuid = {947CA582-514D-4847-B263-4C6DB09C0ACF}
	EndGlobalSection
EndGlobal
